
Microsoft Visual Studio Solution File, Format Version 12.00
# Visual Studio Version 17
VisualStudioVersion = 17.8.34316.72
MinimumVisualStudioVersion = 10.0.40219.1
Project("{9A19103F-16F7-4668-BE54-9A1E7A4F7556}") = "DemoAPI", "DemoAPI\DemoAPI.csproj", "{B0855EFD-DF3A-4E87-B86F-8A2BEDC9529D}"
EndProject
Global
	GlobalSection(SolutionConfigurationPlatforms) = preSolution
		Debug|Any CPU = Debug|Any CPU
		Release|Any CPU = Release|Any CPU
	EndGlobalSection
	GlobalSection(ProjectConfigurationPlatforms) = postSolution
		{B0855EFD-DF3A-4E87-B86F-8A2BEDC9529D}.Debug|Any CPU.ActiveCfg = Debug|Any CPU
		{B0855EFD-DF3A-4E87-B86F-8A2BEDC9529D}.Debug|Any CPU.Build.0 = Debug|Any CPU
		{B0855EFD-DF3A-4E87-B86F-8A2BEDC9529D}.Release|Any CPU.ActiveCfg = Release|Any CPU
		{B0855EFD-DF3A-4E87-B86F-8A2BEDC9529D}.Release|Any CPU.Build.0 = Release|Any CPU
	EndGlobalSection
	GlobalSection(SolutionProperties) = preSolution
		HideSolutionNode = FALSE
	EndGlobalSection
	GlobalSection(ExtensibilityGlobals) = postSolution
		SolutionGuid = {95764AED-9E5D-4B42-8645-AF2CDC810F86}
	EndGlobalSection
EndGlobal
